// !$*UTF8*$!
{
	archiveVersion = 1;
	classes = {
	};
	objectVersion = 46;
	objects = {

/* Begin PBXBuildFile section */
		B93BD5931EF9331B00BD3C27 /* AppDelegate.swift in Sources */ = {isa = PBXBuildFile; fileRef = B93BD5921EF9331B00BD3C27 /* AppDelegate.swift */; };
		B93BD5951EF9331B00BD3C27 /* ViewController.swift in Sources */ = {isa = PBXBuildFile; fileRef = B93BD5941EF9331B00BD3C27 /* ViewController.swift */; };
		B93BD5981EF9331B00BD3C27 /* Main.storyboard in Resources */ = {isa = PBXBuildFile; fileRef = B93BD5961EF9331B00BD3C27 /* Main.storyboard */; };
		B93BD59A1EF9331B00BD3C27 /* Assets.xcassets in Resources */ = {isa = PBXBuildFile; fileRef = B93BD5991EF9331B00BD3C27 /* Assets.xcassets */; };
		B93BD59D1EF9331B00BD3C27 /* LaunchScreen.storyboard in Resources */ = {isa = PBXBuildFile; fileRef = B93BD59B1EF9331B00BD3C27 /* LaunchScreen.storyboard */; };
/* End PBXBuildFile section */

/* Begin PBXFileReference section */
		B93BD58F1EF9331B00BD3C27 /* TransformDemo.app */ = {isa = PBXFileReference; explicitFileType = wrapper.application; includeInIndex = 0; path = TransformDemo.app; sourceTree = BUILT_PRODUCTS_DIR; };
		B93BD5921EF9331B00BD3C27 /* AppDelegate.swift */ = {isa = PBXFileReference; lastKnownFileType = sourcecode.swift; path = AppDelegate.swift; sourceTree = "<group>"; };
		B93BD5941EF9331B00BD3C27 /* ViewController.swift */ = {isa = PBXFileReference; lastKnownFileType = sourcecode.swift; path = ViewController.swift; sourceTree = "<group>"; };
		B93BD5971EF9331B00BD3C27 /* Base */ = {isa = PBXFileReference; lastKnownFileType = file.storyboard; name = Base; path = Base.lproj/Main.storyboard; sourceTree = "<group>"; };
		B93BD5991EF9331B00BD3C27 /* Assets.xcassets */ = {isa = PBXFileReference; lastKnownFileType = folder.assetcatalog; path = Assets.xcassets; sourceTree = "<group>"; };
		B93BD59C1EF9331B00BD3C27 /* Base */ = {isa = PBXFileReference; lastKnownFileType = file.storyboard; name = Base; path = Base.lproj/LaunchScreen.storyboard; sourceTree = "<group>"; };
		B93BD59E1EF9331B00BD3C27 /* Info.plist */ = {isa = PBXFileReference; lastKnownFileType = text.plist.xml; path = Info.plist; sourceTree = "<group>"; };
/* End PBXFileReference section */

/* Begin PBXFrameworksBuildPhase section */
		B93BD58C1EF9331B00BD3C27 /* Frameworks */ = {
			isa = PBXFrameworksBuildPhase;
			buildActionMask = 2147483647;
			files = (
			);
			runOnlyForDeploymentPostprocessing = 0;
		};
/* End PBXFrameworksBuildPhase section */

/* Begin PBXGroup section */
		B93BD5861EF9331B00BD3C27 = {
			isa = PBXGroup;
			children = (
				B93BD5911EF9331B00BD3C27 /* TransformDemo */,
				B93BD5901EF9331B00BD3C27 /* Products */,
			);
			sourceTree = "<group>";
		};
		B93BD5901EF9331B00BD3C27 /* Products */ = {
			isa = PBXGroup;
			children = (
				B93BD58F1EF9331B00BD3C27 /* TransformDemo.app */,
			);
			name = Products;
			sourceTree = "<group>";
		};
		B93BD5911EF9331B00BD3C27 /* TransformDemo */ = {
			isa = PBXGroup;
			children = (
				B93BD5921EF9331B00BD3C27 /* AppDelegate.swift */,
				B93BD5941EF9331B00BD3C27 /* ViewController.swift */,
				B93BD5961EF9331B00BD3C27 /* Main.storyboard */,
				B93BD5991EF9331B00BD3C27 /* Assets.xcassets */,
				B93BD59B1EF9331B00BD3C27 /* LaunchScreen.storyboard */,
				B93BD59E1EF9331B00BD3C27 /* Info.plist */,
			);
			path = TransformDemo;
			sourceTree = "<group>";
		};
/* End PBXGroup section */

/* Begin PBXNativeTarget section */
		B93BD58E1EF9331B00BD3C27 /* TransformDemo */ = {
			isa = PBXNativeTarget;
			buildConfigurationList = B93BD5A11EF9331B00BD3C27 /* Build configuration list for PBXNativeTarget "TransformDemo" */;
			buildPhases = (
				B93BD58B1EF9331B00BD3C27 /* Sources */,
				B93BD58C1EF9331B00BD3C27 /* Frameworks */,
				B93BD58D1EF9331B00BD3C27 /* Resources */,
			);
			buildRules = (
			);
			dependencies = (
			);
			name = TransformDemo;
			productName = TransformDemo;
			productReference = B93BD58F1EF9331B00BD3C27 /* TransformDemo.app */;
			productType = "com.apple.product-type.application";
		};
/* End PBXNativeTarget section */

/* Begin PBXProject section */
		B93BD5871EF9331B00BD3C27 /* Project object */ = {
			isa = PBXProject;
			attributes = {
				LastSwiftUpdateCheck = 0820;
				LastUpgradeCheck = 0820;
				TargetAttributes = {
					B93BD58E1EF9331B00BD3C27 = {
						CreatedOnToolsVersion = 8.2.1;
						DevelopmentTeam = Y5WJ4B7E4Z;
						ProvisioningStyle = Automatic;
					};
				};
			};
			buildConfigurationList = B93BD58A1EF9331B00BD3C27 /* Build configuration list for PBXProject "TransformDemo" */;
			compatibilityVersion = "Xcode 3.2";
			developmentRegion = English;
			hasScannedForEncodings = 0;
			knownRegions = (
				en,
				Base,
			);
			mainGroup = B93BD5861EF9331B00BD3C27;
			productRefGroup = B93BD5901EF9331B00BD3C27 /* Products */;
			projectDirPath = "";
			projectRoot = "";
			targets = (
				B93BD58E1EF9331B00BD3C27 /* TransformDemo */,
			);
		};
/* End PBXProject section */

/* Begin PBXResourcesBuildPhase section */
		B93BD58D1EF9331B00BD3C27 /* Resources */ = {
			isa = PBXResourcesBuildPhase;
			buildActionMask = 2147483647;
			files = (
				B93BD59D1EF9331B00BD3C27 /* LaunchScreen.storyboard in Resources */,
				B93BD59A1EF9331B00BD3C27 /* Assets.xcassets in Resources */,
				B93BD5981EF9331B00BD3C27 /* Main.storyboard in Resources */,
			);
			runOnlyForDeploymentPostprocessing = 0;
		};
/* End PBXResourcesBuildPhase section */

/* Begin PBXSourcesBuildPhase section */
		B93BD58B1EF9331B00BD3C27 /* Sources */ = {
			isa = PBXSourcesBuildPhase;
			buildActionMask = 2147483647;
			files = (
				B93BD5951EF9331B00BD3C27 /* ViewController.swift in Sources */,
				B93BD5931EF9331B00BD3C27 /* AppDelegate.swift in Sources */,
			);
			runOnlyForDeploymentPostprocessing = 0;
		};
/* End PBXSourcesBuildPhase section */

/* Begin PBXVariantGroup section */
		B93BD5961EF9331B00BD3C27 /* Main.storyboard */ = {
			isa = PBXVariantGroup;
			children = (
				B93BD5971EF9331B00BD3C27 /* Base */,
			);
			name = Main.storyboard;
			sourceTree = "<group>";
		};
		B93BD59B1EF9331B00BD3C27 /* LaunchScreen.storyboard */ = {
			isa = PBXVariantGroup;
			children = (
				B93BD59C1EF9331B00BD3C27 /* Base */,
			);
			name = LaunchScreen.storyboard;
			sourceTree = "<group>";
		};
/* End PBXVariantGroup section */

/* Begin XCBuildConfiguration section */
		B93BD59F1EF9331B00BD3C27 /* Debug */ = {
			isa = XCBuildConfiguration;
			buildSettings = {
				ALWAYS_SEARCH_USER_PATHS = NO;
				CLANG_ANALYZER_NONNULL = YES;
				CLANG_CXX_LANGUAGE_STANDARD = "gnu++0x";
				CLANG_CXX_LIBRARY = "libc++";
				CLANG_ENABLE_MODULES = YES;
				CLANG_ENABLE_OBJC_ARC = YES;
				CLANG_WARN_BOOL_CONVERSION = YES;
				CLANG_WARN_CONSTANT_CONVERSION = YES;
				CLANG_WARN_DIRECT_OBJC_ISA_USAGE = YES_ERROR;
				CLANG_WARN_DOCUMENTATION_COMMENTS = YES;
				CLANG_WARN_EMPTY_BODY = YES;
				CLANG_WARN_ENUM_CONVERSION = YES;
				CLANG_WARN_INFINITE_RECURSION = YES;
				CLANG_WARN_INT_CONVERSION = YES;
				CLANG_WARN_OBJC_ROOT_CLASS = YES_ERROR;
				CLANG_WARN_SUSPICIOUS_MOVE = YES;
				CLANG_WARN_UNREACHABLE_CODE = YES;
				CLANG_WARN__DUPLICATE_METHOD_MATCH = YES;
				"CODE_SIGN_IDENTITY[sdk=iphoneos*]" = "iPhone Developer";
				COPY_PHASE_STRIP = NO;
				DEBUG_INFORMATION_FORMAT = dwarf;
				ENABLE_STRICT_OBJC_MSGSEND = YES;
				ENABLE_TESTABILITY = YES;
				GCC_C_LANGUAGE_STANDARD = gnu99;
				GCC_DYNAMIC_NO_PIC = NO;
				GCC_NO_COMMON_BLOCKS = YES;
				GCC_OPTIMIZATION_LEVEL = 0;
				GCC_PREPROCESSOR_DEFINITIONS = (
					"DEBUG=1",
					"$(inherited)",
				);
				GCC_WARN_64_TO_32_BIT_CONVERSION = YES;
				GCC_WARN_ABOUT_RETURN_TYPE = YES_ERROR;
				GCC_WARN_UNDECLARED_SELECTOR = YES;
				GCC_WARN_UNINITIALIZED_AUTOS = YES_AGGRESSIVE;
				GCC_WARN_UNUSED_FUNCTION = YES;
				GCC_WARN_UNUSED_VARIABLE = YES;
				IPHONEOS_DEPLOYMENT_TARGET = 10.2;
				MTL_ENABLE_DEBUG_INFO = YES;
				ONLY_ACTIVE_ARCH = YES;
				SDKROOT = iphoneos;
				SWIFT_ACTIVE_COMPILATION_CONDITIONS = DEBUG;
				SWIFT_OPTIMIZATION_LEVEL = "-Onone";
				TARGETED_DEVICE_FAMILY = "1,2";
			};
			name = Debug;
		};
		B93BD5A01EF9331B00BD3C27 /* Release */ = {
			isa = XCBuildConfiguration;
			buildSettings = {
				ALWAYS_SEARCH_USER_PATHS = NO;
				CLANG_ANALYZER_NONNULL = YES;
				CLANG_CXX_LANGUAGE_STANDARD = "gnu++0x";
				CLANG_CXX_LIBRARY = "libc++";
				CLANG_ENABLE_MODULES = YES;
				CLANG_ENABLE_OBJC_ARC = YES;
				CLANG_WARN_BOOL_CONVERSION = YES;
				CLANG_WARN_CONSTANT_CONVERSION = YES;
				CLANG_WARN_DIRECT_OBJC_ISA_USAGE = YES_ERROR;
				CLANG_WARN_DOCUMENTATION_COMMENTS = YES;
				CLANG_WARN_EMPTY_BODY = YES;
				CLANG_WARN_ENUM_CONVERSION = YES;
				CLANG_WARN_INFINITE_RECURSION = YES;
				CLANG_WARN_INT_CONVERSION = YES;
				CLANG_WARN_OBJC_ROOT_CLASS = YES_ERROR;
				CLANG_WARN_SUSPICIOUS_MOVE = YES;
				CLANG_WARN_UNREACHABLE_CODE = YES;
				CLANG_WARN__DUPLICATE_METHOD_MATCH = YES;
				"CODE_SIGN_IDENTITY[sdk=iphoneos*]" = "iPhone Developer";
				COPY_PHASE_STRIP = NO;
				DEBUG_INFORMATION_FORMAT = "dwarf-with-dsym";
				ENABLE_NS_ASSERTIONS = NO;
				ENABLE_STRICT_OBJC_MSGSEND = YES;
				GCC_C_LANGUAGE_STANDARD = gnu99;
				GCC_NO_COMMON_BLOCKS = YES;
				GCC_WARN_64_TO_32_BIT_CONVERSION = YES;
				GCC_WARN_ABOUT_RETURN_TYPE = YES_ERROR;
				GCC_WARN_UNDECLARED_SELECTOR = YES;
				GCC_WARN_UNINITIALIZED_AUTOS = YES_AGGRESSIVE;
				GCC_WARN_UNUSED_FUNCTION = YES;
				GCC_WARN_UNUSED_VARIABLE = YES;
				IPHONEOS_DEPLOYMENT_TARGET = 10.2;
				MTL_ENABLE_DEBUG_INFO = NO;
				SDKROOT = iphoneos;
				SWIFT_OPTIMIZATION_LEVEL = "-Owholemodule";
				TARGETED_DEVICE_FAMILY = "1,2";
				VALIDATE_PRODUCT = YES;
			};
			name = Release;
		};
		B93BD5A21EF9331B00BD3C27 /* Debug */ = {
			isa = XCBuildConfiguration;
			buildSettings = {
				ASSETCATALOG_COMPILER_APPICON_NAME = AppIcon;
				DEVELOPMENT_TEAM = Y5WJ4B7E4Z;
				INFOPLIST_FILE = TransformDemo/Info.plist;
				LD_RUNPATH_SEARCH_PATHS = "$(inherited) @executable_path/Frameworks";
				PRODUCT_BUNDLE_IDENTIFIER = com.innovationm.TransformDemo;
				PRODUCT_NAME = "$(TARGET_NAME)";
				SWIFT_VERSION = 3.0;
			};
			name = Debug;
		};
		B93BD5A31EF9331B00BD3C27 /* Release */ = {
			isa = XCBuildConfiguration;
			buildSettings = {
				ASSETCATALOG_COMPILER_APPICON_NAME = AppIcon;
				DEVELOPMENT_TEAM = Y5WJ4B7E4Z;
				INFOPLIST_FILE = TransformDemo/Info.plist;
				LD_RUNPATH_SEARCH_PATHS = "$(inherited) @executable_path/Frameworks";
				PRODUCT_BUNDLE_IDENTIFIER = com.innovationm.TransformDemo;
				PRODUCT_NAME = "$(TARGET_NAME)";
				SWIFT_VERSION = 3.0;
			};
			name = Release;
		};
/* End XCBuildConfiguration section */

/* Begin XCConfigurationList section */
		B93BD58A1EF9331B00BD3C27 /* Build configuration list for PBXProject "TransformDemo" */ = {
			isa = XCConfigurationList;
			buildConfigurations = (
				B93BD59F1EF9331B00BD3C27 /* Debug */,
				B93BD5A01EF9331B00BD3C27 /* Release */,
			);
			defaultConfigurationIsVisible = 0;
			defaultConfigurationName = Release;
		};
		B93BD5A11EF9331B00BD3C27 /* Build configuration list for PBXNativeTarget "TransformDemo" */ = {
			isa = XCConfigurationList;
			buildConfigurations = (
				B93BD5A21EF9331B00BD3C27 /* Debug */,
				B93BD5A31EF9331B00BD3C27 /* Release */,
			);
			defaultConfigurationIsVisible = 0;
		};
/* End XCConfigurationList section */
	};
	rootObject = B93BD5871EF9331B00BD3C27 /* Project object */;
}
